
Microsoft Visual Studio Solution File, Format Version 12.00
# Visual Studio 2012
Project("{FAE04EC0-301F-11D3-BF4B-00C04F79EFBC}") = "Ticket machine", "Ticket machine\Ticket machine.csproj", "{75C82B9A-7027-40FB-B0F2-A5712980981A}"
EndProject
Global
	GlobalSection(SolutionConfigurationPlatforms) = preSolution
		Debug|Any CPU = Debug|Any CPU
		Release|Any CPU = Release|Any CPU
	EndGlobalSection
	GlobalSection(ProjectConfigurationPlatforms) = postSolution
		{75C82B9A-7027-40FB-B0F2-A5712980981A}.Debug|Any CPU.ActiveCfg = Debug|Any CPU
		{75C82B9A-7027-40FB-B0F2-A5712980981A}.Debug|Any CPU.Build.0 = Debug|Any CPU
		{75C82B9A-7027-40FB-B0F2-A5712980981A}.Release|Any CPU.ActiveCfg = Release|Any CPU
		{75C82B9A-7027-40FB-B0F2-A5712980981A}.Release|Any CPU.Build.0 = Release|Any CPU
	EndGlobalSection
	GlobalSection(SolutionProperties) = preSolution
		HideSolutionNode = FALSE
	EndGlobalSection
EndGlobal
